
Microsoft Visual Studio Solution File, Format Version 12.00
# Visual Studio Version 17
VisualStudioVersion = 17.14.36301.6 d17.14
MinimumVisualStudioVersion = 10.0.40219.1
Project("{888888A0-9F3D-457C-B088-3A5042F75D52}") = "ManejoArchivos", "ManejoArchivos.pyproj", "{F50B5EC9-6013-4A24-9FFB-88D46BC8E539}"
EndProject
Global
	GlobalSection(SolutionConfigurationPlatforms) = preSolution
		Debug|Any CPU = Debug|Any CPU
		Release|Any CPU = Release|Any CPU
	EndGlobalSection
	GlobalSection(ProjectConfigurationPlatforms) = postSolution
		{F50B5EC9-6013-4A24-9FFB-88D46BC8E539}.Debug|Any CPU.ActiveCfg = Debug|Any CPU
		{F50B5EC9-6013-4A24-9FFB-88D46BC8E539}.Release|Any CPU.ActiveCfg = Release|Any CPU
	EndGlobalSection
	GlobalSection(SolutionProperties) = preSolution
		HideSolutionNode = FALSE
	EndGlobalSection
	GlobalSection(ExtensibilityGlobals) = postSolution
		SolutionGuid = {83815A76-0FBC-4E83-AC65-E3764EC68715}
	EndGlobalSection
EndGlobal
